
Microsoft Visual Studio Solution File, Format Version 12.00
# Visual Studio 2012
Project("{FAE04EC0-301F-11D3-BF4B-00C04F79EFBC}") = "PokerC", "PokerC\PokerC.csproj", "{EBAB4D0E-024D-4298-A159-2E55C19B303E}"
EndProject
Global
	GlobalSection(SolutionConfigurationPlatforms) = preSolution
		Debug|Any CPU = Debug|Any CPU
		Release|Any CPU = Release|Any CPU
	EndGlobalSection
	GlobalSection(ProjectConfigurationPlatforms) = postSolution
		{EBAB4D0E-024D-4298-A159-2E55C19B303E}.Debug|Any CPU.ActiveCfg = Debug|Any CPU
		{EBAB4D0E-024D-4298-A159-2E55C19B303E}.Debug|Any CPU.Build.0 = Debug|Any CPU
		{EBAB4D0E-024D-4298-A159-2E55C19B303E}.Release|Any CPU.ActiveCfg = Release|Any CPU
		{EBAB4D0E-024D-4298-A159-2E55C19B303E}.Release|Any CPU.Build.0 = Release|Any CPU
	EndGlobalSection
	GlobalSection(SolutionProperties) = preSolution
		HideSolutionNode = FALSE
	EndGlobalSection
EndGlobal
